
Microsoft Visual Studio Solution File, Format Version 12.00
# Visual Studio Version 16
VisualStudioVersion = 16.0.30717.126
MinimumVisualStudioVersion = 10.0.40219.1
Project("{FAE04EC0-301F-11D3-BF4B-00C04F79EFBC}") = "PresentationLayer", "PresentationLayer\PresentationLayer.csproj", "{2FDBC171-05C3-4910-99EE-389C408F5499}"
EndProject
Global
	GlobalSection(SolutionConfigurationPlatforms) = preSolution
		Debug|Any CPU = Debug|Any CPU
		Release|Any CPU = Release|Any CPU
	EndGlobalSection
	GlobalSection(ProjectConfigurationPlatforms) = postSolution
		{2FDBC171-05C3-4910-99EE-389C408F5499}.Debug|Any CPU.ActiveCfg = Debug|Any CPU
		{2FDBC171-05C3-4910-99EE-389C408F5499}.Debug|Any CPU.Build.0 = Debug|Any CPU
		{2FDBC171-05C3-4910-99EE-389C408F5499}.Release|Any CPU.ActiveCfg = Release|Any CPU
		{2FDBC171-05C3-4910-99EE-389C408F5499}.Release|Any CPU.Build.0 = Release|Any CPU
	EndGlobalSection
	GlobalSection(SolutionProperties) = preSolution
		HideSolutionNode = FALSE
	EndGlobalSection
	GlobalSection(ExtensibilityGlobals) = postSolution
		SolutionGuid = {AE3D9823-988A-4457-AD52-7EA66DF5ABA2}
	EndGlobalSection
EndGlobal
